// !$*UTF8*$!
{
	archiveVersion = 1;
	classes = {
	};
	objectVersion = 56;
	objects = {

/* Begin PBXBuildFile section */
		DB12F8AE2A6D9F120029B5A7 /* AppDelegate.swift in Sources */ = {isa = PBXBuildFile; fileRef = DB12F8AD2A6D9F120029B5A7 /* AppDelegate.swift */; };
		DB12F8B22A6D9F120029B5A7 /* LoginViewController.swift in Sources */ = {isa = PBXBuildFile; fileRef = DB12F8B12A6D9F120029B5A7 /* LoginViewController.swift */; };
		DB12F8BA2A6D9F130029B5A7 /* Assets.xcassets in Resources */ = {isa = PBXBuildFile; fileRef = DB12F8B92A6D9F130029B5A7 /* Assets.xcassets */; };
		DB12F8BD2A6D9F130029B5A7 /* LaunchScreen.storyboard in Resources */ = {isa = PBXBuildFile; fileRef = DB12F8BB2A6D9F130029B5A7 /* LaunchScreen.storyboard */; };
		DB12F8C72A6DA81E0029B5A7 /* LoginView.swift in Sources */ = {isa = PBXBuildFile; fileRef = DB12F8C62A6DA81E0029B5A7 /* LoginView.swift */; };
		DB12F8C92A6DC5B80029B5A7 /* ButtonView.swift in Sources */ = {isa = PBXBuildFile; fileRef = DB12F8C82A6DC5B70029B5A7 /* ButtonView.swift */; };
		DB1E72052A7F2FD300825347 /* AccountSummaryCell.swift in Sources */ = {isa = PBXBuildFile; fileRef = DB1E72042A7F2FD300825347 /* AccountSummaryCell.swift */; };
		DB2247352A75762000CF597A /* Constants.swift in Sources */ = {isa = PBXBuildFile; fileRef = DB2247342A75762000CF597A /* Constants.swift */; };
		DB2247382A757AD300CF597A /* LocalState.swift in Sources */ = {isa = PBXBuildFile; fileRef = DB2247372A757AD300CF597A /* LocalState.swift */; };
		DB22473A2A75A71800CF597A /* UIViewController+Utils.swift in Sources */ = {isa = PBXBuildFile; fileRef = DB2247392A75A71800CF597A /* UIViewController+Utils.swift */; };
		DB22473C2A75DDA000CF597A /* MainViewController.swift in Sources */ = {isa = PBXBuildFile; fileRef = DB22473B2A75DDA000CF597A /* MainViewController.swift */; };
		DB38CD6C2A744E59008BFCBC /* HomeScreenViewController.swift in Sources */ = {isa = PBXBuildFile; fileRef = DB38CD6B2A744E59008BFCBC /* HomeScreenViewController.swift */; };
		DB4187F82A79C0C700649A16 /* AccountSummaryViewController.swift in Sources */ = {isa = PBXBuildFile; fileRef = DB4187F72A79C0C700649A16 /* AccountSummaryViewController.swift */; };
		DB4187FA2A79CA4B00649A16 /* AccountSummaryHeaderView.swift in Sources */ = {isa = PBXBuildFile; fileRef = DB4187F92A79CA4B00649A16 /* AccountSummaryHeaderView.swift */; };
		DB4187FC2A79CA7900649A16 /* AccountSummaryHeaderView.xib in Resources */ = {isa = PBXBuildFile; fileRef = DB4187FB2A79CA7900649A16 /* AccountSummaryHeaderView.xib */; };
		DB5B4A662A706392007F1560 /* OnboardingContainerViewController.swift in Sources */ = {isa = PBXBuildFile; fileRef = DB5B4A652A706392007F1560 /* OnboardingContainerViewController.swift */; };
		DB5B4A682A707983007F1560 /* OnboardingViewController.swift in Sources */ = {isa = PBXBuildFile; fileRef = DB5B4A672A707983007F1560 /* OnboardingViewController.swift */; };
		DB73B9FA2A8BF2F200128222 /* NSNotificationName.swift in Sources */ = {isa = PBXBuildFile; fileRef = DB73B9F92A8BF2F200128222 /* NSNotificationName.swift */; };
		DB73B9FC2A8BF5D100128222 /* UITextField+SecureToggle.swift in Sources */ = {isa = PBXBuildFile; fileRef = DB73B9FB2A8BF5D100128222 /* UITextField+SecureToggle.swift */; };
		DBA0FBEB2A6EB09400721729 /* ErrorMessageView.swift in Sources */ = {isa = PBXBuildFile; fileRef = DBA0FBEA2A6EB09400721729 /* ErrorMessageView.swift */; };
		DBA0FBED2A6EF0B900721729 /* GreetingMessage.swift in Sources */ = {isa = PBXBuildFile; fileRef = DBA0FBEC2A6EF0B900721729 /* GreetingMessage.swift */; };
		DBCAE1452A83FC7200E4AE6C /* Decimal+Utils.swift in Sources */ = {isa = PBXBuildFile; fileRef = DBCAE1442A83FC7200E4AE6C /* Decimal+Utils.swift */; };
		DBCAE1472A83FD0E00E4AE6C /* CurrencyFormatter.swift in Sources */ = {isa = PBXBuildFile; fileRef = DBCAE1462A83FD0E00E4AE6C /* CurrencyFormatter.swift */; };
		DBCBF82C2A858F1A006FDE2C /* CurrencyFormatterTests.swift in Sources */ = {isa = PBXBuildFile; fileRef = DBCBF8292A858D05006FDE2C /* CurrencyFormatterTests.swift */; };
/* End PBXBuildFile section */

/* Begin PBXContainerItemProxy section */
		DBCBF8212A854E87006FDE2C /* PBXContainerItemProxy */ = {
			isa = PBXContainerItemProxy;
			containerPortal = DB12F8A22A6D9F120029B5A7 /* Project object */;
			proxyType = 1;
			remoteGlobalIDString = DB12F8A92A6D9F120029B5A7;
			remoteInfo = Mondjai;
		};
/* End PBXContainerItemProxy section */

/* Begin PBXFileReference section */
		DB12F8AA2A6D9F120029B5A7 /* Mondjai.app */ = {isa = PBXFileReference; explicitFileType = wrapper.application; includeInIndex = 0; path = Mondjai.app; sourceTree = BUILT_PRODUCTS_DIR; };
		DB12F8AD2A6D9F120029B5A7 /* AppDelegate.swift */ = {isa = PBXFileReference; lastKnownFileType = sourcecode.swift; path = AppDelegate.swift; sourceTree = "<group>"; };
		DB12F8B12A6D9F120029B5A7 /* LoginViewController.swift */ = {isa = PBXFileReference; lastKnownFileType = sourcecode.swift; path = LoginViewController.swift; sourceTree = "<group>"; };
		DB12F8B92A6D9F130029B5A7 /* Assets.xcassets */ = {isa = PBXFileReference; lastKnownFileType = folder.assetcatalog; path = Assets.xcassets; sourceTree = "<group>"; };
		DB12F8BC2A6D9F130029B5A7 /* Base */ = {isa = PBXFileReference; lastKnownFileType = file.storyboard; name = Base; path = Base.lproj/LaunchScreen.storyboard; sourceTree = "<group>"; };
		DB12F8BE2A6D9F130029B5A7 /* Info.plist */ = {isa = PBXFileReference; lastKnownFileType = text.plist.xml; path = Info.plist; sourceTree = "<group>"; };
		DB12F8C62A6DA81E0029B5A7 /* LoginView.swift */ = {isa = PBXFileReference; lastKnownFileType = sourcecode.swift; path = LoginView.swift; sourceTree = "<group>"; };
		DB12F8C82A6DC5B70029B5A7 /* ButtonView.swift */ = {isa = PBXFileReference; lastKnownFileType = sourcecode.swift; path = ButtonView.swift; sourceTree = "<group>"; };
		DB1E72042A7F2FD300825347 /* AccountSummaryCell.swift */ = {isa = PBXFileReference; lastKnownFileType = sourcecode.swift; path = AccountSummaryCell.swift; sourceTree = "<group>"; };
		DB2247342A75762000CF597A /* Constants.swift */ = {isa = PBXFileReference; lastKnownFileType = sourcecode.swift; path = Constants.swift; sourceTree = "<group>"; };
		DB2247372A757AD300CF597A /* LocalState.swift */ = {isa = PBXFileReference; lastKnownFileType = sourcecode.swift; path = LocalState.swift; sourceTree = "<group>"; };
		DB2247392A75A71800CF597A /* UIViewController+Utils.swift */ = {isa = PBXFileReference; lastKnownFileType = sourcecode.swift; path = "UIViewController+Utils.swift"; sourceTree = "<group>"; };
		DB22473B2A75DDA000CF597A /* MainViewController.swift */ = {isa = PBXFileReference; lastKnownFileType = sourcecode.swift; path = MainViewController.swift; sourceTree = "<group>"; };
		DB38CD6B2A744E59008BFCBC /* HomeScreenViewController.swift */ = {isa = PBXFileReference; lastKnownFileType = sourcecode.swift; path = HomeScreenViewController.swift; sourceTree = "<group>"; };
		DB4187F72A79C0C700649A16 /* AccountSummaryViewController.swift */ = {isa = PBXFileReference; lastKnownFileType = sourcecode.swift; path = AccountSummaryViewController.swift; sourceTree = "<group>"; };
		DB4187F92A79CA4B00649A16 /* AccountSummaryHeaderView.swift */ = {isa = PBXFileReference; lastKnownFileType = sourcecode.swift; path = AccountSummaryHeaderView.swift; sourceTree = "<group>"; };
		DB4187FB2A79CA7900649A16 /* AccountSummaryHeaderView.xib */ = {isa = PBXFileReference; lastKnownFileType = file.xib; path = AccountSummaryHeaderView.xib; sourceTree = "<group>"; };
		DB5B4A652A706392007F1560 /* OnboardingContainerViewController.swift */ = {isa = PBXFileReference; lastKnownFileType = sourcecode.swift; path = OnboardingContainerViewController.swift; sourceTree = "<group>"; };
		DB5B4A672A707983007F1560 /* OnboardingViewController.swift */ = {isa = PBXFileReference; lastKnownFileType = sourcecode.swift; path = OnboardingViewController.swift; sourceTree = "<group>"; };
		DB73B9F92A8BF2F200128222 /* NSNotificationName.swift */ = {isa = PBXFileReference; lastKnownFileType = sourcecode.swift; path = NSNotificationName.swift; sourceTree = "<group>"; };
		DB73B9FB2A8BF5D100128222 /* UITextField+SecureToggle.swift */ = {isa = PBXFileReference; lastKnownFileType = sourcecode.swift; path = "UITextField+SecureToggle.swift"; sourceTree = "<group>"; };
		DBA0FBEA2A6EB09400721729 /* ErrorMessageView.swift */ = {isa = PBXFileReference; lastKnownFileType = sourcecode.swift; path = ErrorMessageView.swift; sourceTree = "<group>"; };
		DBA0FBEC2A6EF0B900721729 /* GreetingMessage.swift */ = {isa = PBXFileReference; lastKnownFileType = sourcecode.swift; path = GreetingMessage.swift; sourceTree = "<group>"; };
		DBCAE1442A83FC7200E4AE6C /* Decimal+Utils.swift */ = {isa = PBXFileReference; lastKnownFileType = sourcecode.swift; path = "Decimal+Utils.swift"; sourceTree = "<group>"; };
		DBCAE1462A83FD0E00E4AE6C /* CurrencyFormatter.swift */ = {isa = PBXFileReference; lastKnownFileType = sourcecode.swift; path = CurrencyFormatter.swift; sourceTree = "<group>"; };
		DBCBF81D2A854E87006FDE2C /* MondjaiTests.xctest */ = {isa = PBXFileReference; explicitFileType = wrapper.cfbundle; includeInIndex = 0; path = MondjaiTests.xctest; sourceTree = BUILT_PRODUCTS_DIR; };
		DBCBF8292A858D05006FDE2C /* CurrencyFormatterTests.swift */ = {isa = PBXFileReference; lastKnownFileType = sourcecode.swift; path = CurrencyFormatterTests.swift; sourceTree = "<group>"; };
/* End PBXFileReference section */

/* Begin PBXFrameworksBuildPhase section */
		DB12F8A72A6D9F120029B5A7 /* Frameworks */ = {
			isa = PBXFrameworksBuildPhase;
			buildActionMask = 2147483647;
			files = (
			);
			runOnlyForDeploymentPostprocessing = 0;
		};
		DBCBF81A2A854E87006FDE2C /* Frameworks */ = {
			isa = PBXFrameworksBuildPhase;
			buildActionMask = 2147483647;
			files = (
			);
			runOnlyForDeploymentPostprocessing = 0;
		};
/* End PBXFrameworksBuildPhase section */

/* Begin PBXGroup section */
		DB12F8A12A6D9F120029B5A7 = {
			isa = PBXGroup;
			children = (
				DB12F8AC2A6D9F120029B5A7 /* Mondjai */,
				DBCBF81E2A854E87006FDE2C /* MondjaiTests */,
				DB12F8AB2A6D9F120029B5A7 /* Products */,
			);
			sourceTree = "<group>";
		};
		DB12F8AB2A6D9F120029B5A7 /* Products */ = {
			isa = PBXGroup;
			children = (
				DB12F8AA2A6D9F120029B5A7 /* Mondjai.app */,
				DBCBF81D2A854E87006FDE2C /* MondjaiTests.xctest */,
			);
			name = Products;
			sourceTree = "<group>";
		};
		DB12F8AC2A6D9F120029B5A7 /* Mondjai */ = {
			isa = PBXGroup;
			children = (
				DB12F8AD2A6D9F120029B5A7 /* AppDelegate.swift */,
				DB22473B2A75DDA000CF597A /* MainViewController.swift */,
				DB12F8C52A6DA79F0029B5A7 /* LoginScreen */,
				DB5B4A642A70633E007F1560 /* Onboarding */,
				DB4187F62A79C08B00649A16 /* AccountSummary */,
				DB38CD6A2A744E0E008BFCBC /* HomeScreen */,
				DB2247362A757AB900CF597A /* Utils */,
				DB2247332A75760000CF597A /* Constants */,
				DB12F8C42A6DA7420029B5A7 /* Files */,
			);
			path = Mondjai;
			sourceTree = "<group>";
		};
		DB12F8C42A6DA7420029B5A7 /* Files */ = {
			isa = PBXGroup;
			children = (
				DB12F8B92A6D9F130029B5A7 /* Assets.xcassets */,
				DB12F8BB2A6D9F130029B5A7 /* LaunchScreen.storyboard */,
				DB12F8BE2A6D9F130029B5A7 /* Info.plist */,
			);
			name = Files;
			sourceTree = "<group>";
		};
		DB12F8C52A6DA79F0029B5A7 /* LoginScreen */ = {
			isa = PBXGroup;
			children = (
				DB12F8B12A6D9F120029B5A7 /* LoginViewController.swift */,
				DB12F8C62A6DA81E0029B5A7 /* LoginView.swift */,
				DB12F8C82A6DC5B70029B5A7 /* ButtonView.swift */,
				DBA0FBEA2A6EB09400721729 /* ErrorMessageView.swift */,
				DBA0FBEC2A6EF0B900721729 /* GreetingMessage.swift */,
			);
			path = LoginScreen;
			sourceTree = "<group>";
		};
		DB1E72022A7F2F9700825347 /* Header */ = {
			isa = PBXGroup;
			children = (
				DB4187FB2A79CA7900649A16 /* AccountSummaryHeaderView.xib */,
				DB4187F92A79CA4B00649A16 /* AccountSummaryHeaderView.swift */,
			);
			path = Header;
			sourceTree = "<group>";
		};
		DB1E72032A7F2FAB00825347 /* Cells */ = {
			isa = PBXGroup;
			children = (
				DB1E72042A7F2FD300825347 /* AccountSummaryCell.swift */,
			);
			path = Cells;
			sourceTree = "<group>";
		};
		DB2247332A75760000CF597A /* Constants */ = {
			isa = PBXGroup;
			children = (
				DB2247342A75762000CF597A /* Constants.swift */,
			);
			path = Constants;
			sourceTree = "<group>";
		};
		DB2247362A757AB900CF597A /* Utils */ = {
			isa = PBXGroup;
			children = (
				DB2247392A75A71800CF597A /* UIViewController+Utils.swift */,
				DBCAE1442A83FC7200E4AE6C /* Decimal+Utils.swift */,
				DB73B9FB2A8BF5D100128222 /* UITextField+SecureToggle.swift */,
				DB2247372A757AD300CF597A /* LocalState.swift */,
				DBCAE1462A83FD0E00E4AE6C /* CurrencyFormatter.swift */,
				DB73B9F92A8BF2F200128222 /* NSNotificationName.swift */,
			);
			path = Utils;
			sourceTree = "<group>";
		};
		DB38CD6A2A744E0E008BFCBC /* HomeScreen */ = {
			isa = PBXGroup;
			children = (
				DB38CD6B2A744E59008BFCBC /* HomeScreenViewController.swift */,
			);
			path = HomeScreen;
			sourceTree = "<group>";
		};
		DB4187F62A79C08B00649A16 /* AccountSummary */ = {
			isa = PBXGroup;
			children = (
				DB4187F72A79C0C700649A16 /* AccountSummaryViewController.swift */,
				DB1E72022A7F2F9700825347 /* Header */,
				DB1E72032A7F2FAB00825347 /* Cells */,
			);
			path = AccountSummary;
			sourceTree = "<group>";
		};
		DB5B4A642A70633E007F1560 /* Onboarding */ = {
			isa = PBXGroup;
			children = (
				DB5B4A652A706392007F1560 /* OnboardingContainerViewController.swift */,
				DB5B4A672A707983007F1560 /* OnboardingViewController.swift */,
			);
			path = Onboarding;
			sourceTree = "<group>";
		};
		DBCBF81E2A854E87006FDE2C /* MondjaiTests */ = {
			isa = PBXGroup;
			children = (
				DBCBF8292A858D05006FDE2C /* CurrencyFormatterTests.swift */,
			);
			path = MondjaiTests;
			sourceTree = "<group>";
		};
/* End PBXGroup section */

/* Begin PBXNativeTarget section */
		DB12F8A92A6D9F120029B5A7 /* Mondjai */ = {
			isa = PBXNativeTarget;
			buildConfigurationList = DB12F8C12A6D9F130029B5A7 /* Build configuration list for PBXNativeTarget "Mondjai" */;
			buildPhases = (
				DB12F8A62A6D9F120029B5A7 /* Sources */,
				DB12F8A72A6D9F120029B5A7 /* Frameworks */,
				DB12F8A82A6D9F120029B5A7 /* Resources */,
			);
			buildRules = (
			);
			dependencies = (
			);
			name = Mondjai;
			productName = "mon-djai";
			productReference = DB12F8AA2A6D9F120029B5A7 /* Mondjai.app */;
			productType = "com.apple.product-type.application";
		};
		DBCBF81C2A854E87006FDE2C /* MondjaiTests */ = {
			isa = PBXNativeTarget;
			buildConfigurationList = DBCBF8232A854E87006FDE2C /* Build configuration list for PBXNativeTarget "MondjaiTests" */;
			buildPhases = (
				DBCBF8192A854E87006FDE2C /* Sources */,
				DBCBF81A2A854E87006FDE2C /* Frameworks */,
				DBCBF81B2A854E87006FDE2C /* Resources */,
			);
			buildRules = (
			);
			dependencies = (
				DBCBF8222A854E87006FDE2C /* PBXTargetDependency */,
			);
			name = MondjaiTests;
			productName = MondjaiTests;
			productReference = DBCBF81D2A854E87006FDE2C /* MondjaiTests.xctest */;
			productType = "com.apple.product-type.bundle.unit-test";
		};
/* End PBXNativeTarget section */

/* Begin PBXProject section */
		DB12F8A22A6D9F120029B5A7 /* Project object */ = {
			isa = PBXProject;
			attributes = {
				BuildIndependentTargetsInParallel = 1;
				LastSwiftUpdateCheck = 1430;
				LastUpgradeCheck = 1430;
				TargetAttributes = {
					DB12F8A92A6D9F120029B5A7 = {
						CreatedOnToolsVersion = 14.3.1;
					};
					DBCBF81C2A854E87006FDE2C = {
						CreatedOnToolsVersion = 14.3.1;
						LastSwiftMigration = 1430;
						TestTargetID = DB12F8A92A6D9F120029B5A7;
					};
				};
			};
			buildConfigurationList = DB12F8A52A6D9F120029B5A7 /* Build configuration list for PBXProject "Mondjai" */;
			compatibilityVersion = "Xcode 14.0";
			developmentRegion = en;
			hasScannedForEncodings = 0;
			knownRegions = (
				en,
				Base,
			);
			mainGroup = DB12F8A12A6D9F120029B5A7;
			productRefGroup = DB12F8AB2A6D9F120029B5A7 /* Products */;
			projectDirPath = "";
			projectRoot = "";
			targets = (
				DB12F8A92A6D9F120029B5A7 /* Mondjai */,
				DBCBF81C2A854E87006FDE2C /* MondjaiTests */,
			);
		};
/* End PBXProject section */

/* Begin PBXResourcesBuildPhase section */
		DB12F8A82A6D9F120029B5A7 /* Resources */ = {
			isa = PBXResourcesBuildPhase;
			buildActionMask = 2147483647;
			files = (
				DB4187FC2A79CA7900649A16 /* AccountSummaryHeaderView.xib in Resources */,
				DB12F8BD2A6D9F130029B5A7 /* LaunchScreen.storyboard in Resources */,
				DB12F8BA2A6D9F130029B5A7 /* Assets.xcassets in Resources */,
			);
			runOnlyForDeploymentPostprocessing = 0;
		};
		DBCBF81B2A854E87006FDE2C /* Resources */ = {
			isa = PBXResourcesBuildPhase;
			buildActionMask = 2147483647;
			files = (
			);
			runOnlyForDeploymentPostprocessing = 0;
		};
/* End PBXResourcesBuildPhase section */

/* Begin PBXSourcesBuildPhase section */
		DB12F8A62A6D9F120029B5A7 /* Sources */ = {
			isa = PBXSourcesBuildPhase;
			buildActionMask = 2147483647;
			files = (
				DB73B9FC2A8BF5D100128222 /* UITextField+SecureToggle.swift in Sources */,
				DB73B9FA2A8BF2F200128222 /* NSNotificationName.swift in Sources */,
				DBCAE1452A83FC7200E4AE6C /* Decimal+Utils.swift in Sources */,
				DB4187FA2A79CA4B00649A16 /* AccountSummaryHeaderView.swift in Sources */,
				DB12F8C72A6DA81E0029B5A7 /* LoginView.swift in Sources */,
				DB22473C2A75DDA000CF597A /* MainViewController.swift in Sources */,
				DBA0FBEB2A6EB09400721729 /* ErrorMessageView.swift in Sources */,
				DBA0FBED2A6EF0B900721729 /* GreetingMessage.swift in Sources */,
				DB38CD6C2A744E59008BFCBC /* HomeScreenViewController.swift in Sources */,
				DB5B4A682A707983007F1560 /* OnboardingViewController.swift in Sources */,
				DB2247352A75762000CF597A /* Constants.swift in Sources */,
				DB4187F82A79C0C700649A16 /* AccountSummaryViewController.swift in Sources */,
				DB2247382A757AD300CF597A /* LocalState.swift in Sources */,
				DB12F8B22A6D9F120029B5A7 /* LoginViewController.swift in Sources */,
				DBCAE1472A83FD0E00E4AE6C /* CurrencyFormatter.swift in Sources */,
				DB22473A2A75A71800CF597A /* UIViewController+Utils.swift in Sources */,
				DB12F8C92A6DC5B80029B5A7 /* ButtonView.swift in Sources */,
				DB12F8AE2A6D9F120029B5A7 /* AppDelegate.swift in Sources */,
				DB1E72052A7F2FD300825347 /* AccountSummaryCell.swift in Sources */,
				DB5B4A662A706392007F1560 /* OnboardingContainerViewController.swift in Sources */,
			);
			runOnlyForDeploymentPostprocessing = 0;
		};
		DBCBF8192A854E87006FDE2C /* Sources */ = {
			isa = PBXSourcesBuildPhase;
			buildActionMask = 2147483647;
			files = (
				DBCBF82C2A858F1A006FDE2C /* CurrencyFormatterTests.swift in Sources */,
			);
			runOnlyForDeploymentPostprocessing = 0;
		};
/* End PBXSourcesBuildPhase section */

/* Begin PBXTargetDependency section */
		DBCBF8222A854E87006FDE2C /* PBXTargetDependency */ = {
			isa = PBXTargetDependency;
			target = DB12F8A92A6D9F120029B5A7 /* Mondjai */;
			targetProxy = DBCBF8212A854E87006FDE2C /* PBXContainerItemProxy */;
		};
/* End PBXTargetDependency section */

/* Begin PBXVariantGroup section */
		DB12F8BB2A6D9F130029B5A7 /* LaunchScreen.storyboard */ = {
			isa = PBXVariantGroup;
			children = (
				DB12F8BC2A6D9F130029B5A7 /* Base */,
			);
			name = LaunchScreen.storyboard;
			sourceTree = "<group>";
		};
/* End PBXVariantGroup section */

/* Begin XCBuildConfiguration section */
		DB12F8BF2A6D9F130029B5A7 /* Debug */ = {
			isa = XCBuildConfiguration;
			buildSettings = {
				ALWAYS_SEARCH_USER_PATHS = NO;
				CLANG_ANALYZER_NONNULL = YES;
				CLANG_ANALYZER_NUMBER_OBJECT_CONVERSION = YES_AGGRESSIVE;
				CLANG_CXX_LANGUAGE_STANDARD = "gnu++20";
				CLANG_ENABLE_MODULES = YES;
				CLANG_ENABLE_OBJC_ARC = YES;
				CLANG_ENABLE_OBJC_WEAK = YES;
				CLANG_WARN_BLOCK_CAPTURE_AUTORELEASING = YES;
				CLANG_WARN_BOOL_CONVERSION = YES;
				CLANG_WARN_COMMA = YES;
				CLANG_WARN_CONSTANT_CONVERSION = YES;
				CLANG_WARN_DEPRECATED_OBJC_IMPLEMENTATIONS = YES;
				CLANG_WARN_DIRECT_OBJC_ISA_USAGE = YES_ERROR;
				CLANG_WARN_DOCUMENTATION_COMMENTS = YES;
				CLANG_WARN_EMPTY_BODY = YES;
				CLANG_WARN_ENUM_CONVERSION = YES;
				CLANG_WARN_INFINITE_RECURSION = YES;
				CLANG_WARN_INT_CONVERSION = YES;
				CLANG_WARN_NON_LITERAL_NULL_CONVERSION = YES;
				CLANG_WARN_OBJC_IMPLICIT_RETAIN_SELF = YES;
				CLANG_WARN_OBJC_LITERAL_CONVERSION = YES;
				CLANG_WARN_OBJC_ROOT_CLASS = YES_ERROR;
				CLANG_WARN_QUOTED_INCLUDE_IN_FRAMEWORK_HEADER = YES;
				CLANG_WARN_RANGE_LOOP_ANALYSIS = YES;
				CLANG_WARN_STRICT_PROTOTYPES = YES;
				CLANG_WARN_SUSPICIOUS_MOVE = YES;
				CLANG_WARN_UNGUARDED_AVAILABILITY = YES_AGGRESSIVE;
				CLANG_WARN_UNREACHABLE_CODE = YES;
				CLANG_WARN__DUPLICATE_METHOD_MATCH = YES;
				COPY_PHASE_STRIP = NO;
				DEBUG_INFORMATION_FORMAT = dwarf;
				ENABLE_STRICT_OBJC_MSGSEND = YES;
				ENABLE_TESTABILITY = YES;
				GCC_C_LANGUAGE_STANDARD = gnu11;
				GCC_DYNAMIC_NO_PIC = NO;
				GCC_NO_COMMON_BLOCKS = YES;
				GCC_OPTIMIZATION_LEVEL = 0;
				GCC_PREPROCESSOR_DEFINITIONS = (
					"DEBUG=1",
					"$(inherited)",
				);
				GCC_WARN_64_TO_32_BIT_CONVERSION = YES;
				GCC_WARN_ABOUT_RETURN_TYPE = YES_ERROR;
				GCC_WARN_UNDECLARED_SELECTOR = YES;
				GCC_WARN_UNINITIALIZED_AUTOS = YES_AGGRESSIVE;
				GCC_WARN_UNUSED_FUNCTION = YES;
				GCC_WARN_UNUSED_VARIABLE = YES;
				IPHONEOS_DEPLOYMENT_TARGET = 15.0;
				MTL_ENABLE_DEBUG_INFO = INCLUDE_SOURCE;
				MTL_FAST_MATH = YES;
				ONLY_ACTIVE_ARCH = YES;
				SDKROOT = iphoneos;
				SWIFT_ACTIVE_COMPILATION_CONDITIONS = DEBUG;
				SWIFT_OPTIMIZATION_LEVEL = "-Onone";
			};
			name = Debug;
		};
		DB12F8C02A6D9F130029B5A7 /* Release */ = {
			isa = XCBuildConfiguration;
			buildSettings = {
				ALWAYS_SEARCH_USER_PATHS = NO;
				CLANG_ANALYZER_NONNULL = YES;
				CLANG_ANALYZER_NUMBER_OBJECT_CONVERSION = YES_AGGRESSIVE;
				CLANG_CXX_LANGUAGE_STANDARD = "gnu++20";
				CLANG_ENABLE_MODULES = YES;
				CLANG_ENABLE_OBJC_ARC = YES;
				CLANG_ENABLE_OBJC_WEAK = YES;
				CLANG_WARN_BLOCK_CAPTURE_AUTORELEASING = YES;
				CLANG_WARN_BOOL_CONVERSION = YES;
				CLANG_WARN_COMMA = YES;
				CLANG_WARN_CONSTANT_CONVERSION = YES;
				CLANG_WARN_DEPRECATED_OBJC_IMPLEMENTATIONS = YES;
				CLANG_WARN_DIRECT_OBJC_ISA_USAGE = YES_ERROR;
				CLANG_WARN_DOCUMENTATION_COMMENTS = YES;
				CLANG_WARN_EMPTY_BODY = YES;
				CLANG_WARN_ENUM_CONVERSION = YES;
				CLANG_WARN_INFINITE_RECURSION = YES;
				CLANG_WARN_INT_CONVERSION = YES;
				CLANG_WARN_NON_LITERAL_NULL_CONVERSION = YES;
				CLANG_WARN_OBJC_IMPLICIT_RETAIN_SELF = YES;
				CLANG_WARN_OBJC_LITERAL_CONVERSION = YES;
				CLANG_WARN_OBJC_ROOT_CLASS = YES_ERROR;
				CLANG_WARN_QUOTED_INCLUDE_IN_FRAMEWORK_HEADER = YES;
				CLANG_WARN_RANGE_LOOP_ANALYSIS = YES;
				CLANG_WARN_STRICT_PROTOTYPES = YES;
				CLANG_WARN_SUSPICIOUS_MOVE = YES;
				CLANG_WARN_UNGUARDED_AVAILABILITY = YES_AGGRESSIVE;
				CLANG_WARN_UNREACHABLE_CODE = YES;
				CLANG_WARN__DUPLICATE_METHOD_MATCH = YES;
				COPY_PHASE_STRIP = NO;
				DEBUG_INFORMATION_FORMAT = "dwarf-with-dsym";
				ENABLE_NS_ASSERTIONS = NO;
				ENABLE_STRICT_OBJC_MSGSEND = YES;
				GCC_C_LANGUAGE_STANDARD = gnu11;
				GCC_NO_COMMON_BLOCKS = YES;
				GCC_WARN_64_TO_32_BIT_CONVERSION = YES;
				GCC_WARN_ABOUT_RETURN_TYPE = YES_ERROR;
				GCC_WARN_UNDECLARED_SELECTOR = YES;
				GCC_WARN_UNINITIALIZED_AUTOS = YES_AGGRESSIVE;
				GCC_WARN_UNUSED_FUNCTION = YES;
				GCC_WARN_UNUSED_VARIABLE = YES;
				IPHONEOS_DEPLOYMENT_TARGET = 15.0;
				MTL_ENABLE_DEBUG_INFO = NO;
				MTL_FAST_MATH = YES;
				SDKROOT = iphoneos;
				SWIFT_COMPILATION_MODE = wholemodule;
				SWIFT_OPTIMIZATION_LEVEL = "-O";
				VALIDATE_PRODUCT = YES;
			};
			name = Release;
		};
		DB12F8C22A6D9F130029B5A7 /* Debug */ = {
			isa = XCBuildConfiguration;
			buildSettings = {
				ASSETCATALOG_COMPILER_APPICON_NAME = AppIcon;
				ASSETCATALOG_COMPILER_GLOBAL_ACCENT_COLOR_NAME = AccentColor;
				CODE_SIGN_STYLE = Automatic;
				CURRENT_PROJECT_VERSION = 1;
				DEVELOPMENT_TEAM = TCN3YQXA5Q;
				GENERATE_INFOPLIST_FILE = YES;
				INFOPLIST_FILE = Mondjai/Info.plist;
				INFOPLIST_KEY_UIApplicationSupportsIndirectInputEvents = YES;
				INFOPLIST_KEY_UILaunchStoryboardName = LaunchScreen;
				INFOPLIST_KEY_UISupportedInterfaceOrientations_iPad = "UIInterfaceOrientationPortrait UIInterfaceOrientationPortraitUpsideDown UIInterfaceOrientationLandscapeLeft UIInterfaceOrientationLandscapeRight";
				INFOPLIST_KEY_UISupportedInterfaceOrientations_iPhone = "UIInterfaceOrientationPortrait UIInterfaceOrientationLandscapeLeft UIInterfaceOrientationLandscapeRight";
				IPHONEOS_DEPLOYMENT_TARGET = 15.0;
				LD_RUNPATH_SEARCH_PATHS = (
					"$(inherited)",
					"@executable_path/Frameworks",
				);
				MARKETING_VERSION = 1.0;
				PRODUCT_BUNDLE_IDENTIFIER = "org.stephane.mon-djai";
				PRODUCT_NAME = "$(TARGET_NAME)";
				SWIFT_EMIT_LOC_STRINGS = YES;
				SWIFT_VERSION = 5.0;
				TARGETED_DEVICE_FAMILY = "1,2";
			};
			name = Debug;
		};
		DB12F8C32A6D9F130029B5A7 /* Release */ = {
			isa = XCBuildConfiguration;
			buildSettings = {
				ASSETCATALOG_COMPILER_APPICON_NAME = AppIcon;
				ASSETCATALOG_COMPILER_GLOBAL_ACCENT_COLOR_NAME = AccentColor;
				CODE_SIGN_STYLE = Automatic;
				CURRENT_PROJECT_VERSION = 1;
				DEVELOPMENT_TEAM = TCN3YQXA5Q;
				GENERATE_INFOPLIST_FILE = YES;
				INFOPLIST_FILE = Mondjai/Info.plist;
				INFOPLIST_KEY_UIApplicationSupportsIndirectInputEvents = YES;
				INFOPLIST_KEY_UILaunchStoryboardName = LaunchScreen;
				INFOPLIST_KEY_UISupportedInterfaceOrientations_iPad = "UIInterfaceOrientationPortrait UIInterfaceOrientationPortraitUpsideDown UIInterfaceOrientationLandscapeLeft UIInterfaceOrientationLandscapeRight";
				INFOPLIST_KEY_UISupportedInterfaceOrientations_iPhone = "UIInterfaceOrientationPortrait UIInterfaceOrientationLandscapeLeft UIInterfaceOrientationLandscapeRight";
				IPHONEOS_DEPLOYMENT_TARGET = 15.0;
				LD_RUNPATH_SEARCH_PATHS = (
					"$(inherited)",
					"@executable_path/Frameworks",
				);
				MARKETING_VERSION = 1.0;
				PRODUCT_BUNDLE_IDENTIFIER = "org.stephane.mon-djai";
				PRODUCT_NAME = "$(TARGET_NAME)";
				SWIFT_EMIT_LOC_STRINGS = YES;
				SWIFT_VERSION = 5.0;
				TARGETED_DEVICE_FAMILY = "1,2";
			};
			name = Release;
		};
		DBCBF8242A854E87006FDE2C /* Debug */ = {
			isa = XCBuildConfiguration;
			buildSettings = {
				BUNDLE_LOADER = "$(TEST_HOST)";
				CLANG_ENABLE_MODULES = YES;
				CODE_SIGN_STYLE = Automatic;
				CURRENT_PROJECT_VERSION = 1;
				DEVELOPMENT_TEAM = TCN3YQXA5Q;
				GENERATE_INFOPLIST_FILE = YES;
				IPHONEOS_DEPLOYMENT_TARGET = 16.4;
				MARKETING_VERSION = 1.0;
				PRODUCT_BUNDLE_IDENTIFIER = org.stephane.MondjaiTests;
				PRODUCT_NAME = "$(TARGET_NAME)";
				SWIFT_EMIT_LOC_STRINGS = NO;
				SWIFT_OPTIMIZATION_LEVEL = "-Onone";
				SWIFT_VERSION = 5.0;
				TARGETED_DEVICE_FAMILY = "1,2";
				TEST_HOST = "$(BUILT_PRODUCTS_DIR)/Mondjai.app/$(BUNDLE_EXECUTABLE_FOLDER_PATH)/Mondjai";
			};
			name = Debug;
		};
		DBCBF8252A854E87006FDE2C /* Release */ = {
			isa = XCBuildConfiguration;
			buildSettings = {
				BUNDLE_LOADER = "$(TEST_HOST)";
				CLANG_ENABLE_MODULES = YES;
				CODE_SIGN_STYLE = Automatic;
				CURRENT_PROJECT_VERSION = 1;
				DEVELOPMENT_TEAM = TCN3YQXA5Q;
				GENERATE_INFOPLIST_FILE = YES;
				IPHONEOS_DEPLOYMENT_TARGET = 16.4;
				MARKETING_VERSION = 1.0;
				PRODUCT_BUNDLE_IDENTIFIER = org.stephane.MondjaiTests;
				PRODUCT_NAME = "$(TARGET_NAME)";
				SWIFT_EMIT_LOC_STRINGS = NO;
				SWIFT_VERSION = 5.0;
				TARGETED_DEVICE_FAMILY = "1,2";
				TEST_HOST = "$(BUILT_PRODUCTS_DIR)/Mondjai.app/$(BUNDLE_EXECUTABLE_FOLDER_PATH)/Mondjai";
			};
			name = Release;
		};
/* End XCBuildConfiguration section */

/* Begin XCConfigurationList section */
		DB12F8A52A6D9F120029B5A7 /* Build configuration list for PBXProject "Mondjai" */ = {
			isa = XCConfigurationList;
			buildConfigurations = (
				DB12F8BF2A6D9F130029B5A7 /* Debug */,
				DB12F8C02A6D9F130029B5A7 /* Release */,
			);
			defaultConfigurationIsVisible = 0;
			defaultConfigurationName = Release;
		};
		DB12F8C12A6D9F130029B5A7 /* Build configuration list for PBXNativeTarget "Mondjai" */ = {
			isa = XCConfigurationList;
			buildConfigurations = (
				DB12F8C22A6D9F130029B5A7 /* Debug */,
				DB12F8C32A6D9F130029B5A7 /* Release */,
			);
			defaultConfigurationIsVisible = 0;
			defaultConfigurationName = Release;
		};
		DBCBF8232A854E87006FDE2C /* Build configuration list for PBXNativeTarget "MondjaiTests" */ = {
			isa = XCConfigurationList;
			buildConfigurations = (
				DBCBF8242A854E87006FDE2C /* Debug */,
				DBCBF8252A854E87006FDE2C /* Release */,
			);
			defaultConfigurationIsVisible = 0;
			defaultConfigurationName = Release;
		};
/* End XCConfigurationList section */
	};
	rootObject = DB12F8A22A6D9F120029B5A7 /* Project object */;
}
